// !$*UTF8*$!
{
	archiveVersion = 1;
	classes = {
	};
	objectVersion = 50;
	objects = {

/* Begin PBXBuildFile section */
		CDBBEDC9245C9962000BE341 /* AppDelegate.swift in Sources */ = {isa = PBXBuildFile; fileRef = CDBBEDC8245C9962000BE341 /* AppDelegate.swift */; };
		CDBBEDCB245C9962000BE341 /* SceneDelegate.swift in Sources */ = {isa = PBXBuildFile; fileRef = CDBBEDCA245C9962000BE341 /* SceneDelegate.swift */; };
		CDBBEDCD245C9962000BE341 /* ViewController.swift in Sources */ = {isa = PBXBuildFile; fileRef = CDBBEDCC245C9962000BE341 /* ViewController.swift */; };
		CDBBEDD0245C9962000BE341 /* Main.storyboard in Resources */ = {isa = PBXBuildFile; fileRef = CDBBEDCE245C9962000BE341 /* Main.storyboard */; };
		CDBBEDD2245C9963000BE341 /* Assets.xcassets in Resources */ = {isa = PBXBuildFile; fileRef = CDBBEDD1245C9963000BE341 /* Assets.xcassets */; };
		CDBBEDD5245C9963000BE341 /* LaunchScreen.storyboard in Resources */ = {isa = PBXBuildFile; fileRef = CDBBEDD3245C9963000BE341 /* LaunchScreen.storyboard */; };
		CDC1C642245E17F5001BB71F /* appIcon.png in Resources */ = {isa = PBXBuildFile; fileRef = CDC1C641245E17F5001BB71F /* appIcon.png */; };
		CDC47C62245DE534007DF7A9 /* ResultViewController.swift in Sources */ = {isa = PBXBuildFile; fileRef = CDC47C61245DE534007DF7A9 /* ResultViewController.swift */; };
/* End PBXBuildFile section */

/* Begin PBXFileReference section */
		CDBBEDC5245C9961000BE341 /* midproject.app */ = {isa = PBXFileReference; explicitFileType = wrapper.application; includeInIndex = 0; path = midproject.app; sourceTree = BUILT_PRODUCTS_DIR; };
		CDBBEDC8245C9962000BE341 /* AppDelegate.swift */ = {isa = PBXFileReference; lastKnownFileType = sourcecode.swift; path = AppDelegate.swift; sourceTree = "<group>"; };
		CDBBEDCA245C9962000BE341 /* SceneDelegate.swift */ = {isa = PBXFileReference; lastKnownFileType = sourcecode.swift; path = SceneDelegate.swift; sourceTree = "<group>"; };
		CDBBEDCC245C9962000BE341 /* ViewController.swift */ = {isa = PBXFileReference; lastKnownFileType = sourcecode.swift; path = ViewController.swift; sourceTree = "<group>"; };
		CDBBEDCF245C9962000BE341 /* Base */ = {isa = PBXFileReference; lastKnownFileType = file.storyboard; name = Base; path = Base.lproj/Main.storyboard; sourceTree = "<group>"; };
		CDBBEDD1245C9963000BE341 /* Assets.xcassets */ = {isa = PBXFileReference; lastKnownFileType = folder.assetcatalog; path = Assets.xcassets; sourceTree = "<group>"; };
		CDBBEDD4245C9963000BE341 /* Base */ = {isa = PBXFileReference; lastKnownFileType = file.storyboard; name = Base; path = Base.lproj/LaunchScreen.storyboard; sourceTree = "<group>"; };
		CDBBEDD6245C9963000BE341 /* Info.plist */ = {isa = PBXFileReference; lastKnownFileType = text.plist.xml; path = Info.plist; sourceTree = "<group>"; };
		CDC1C641245E17F5001BB71F /* appIcon.png */ = {isa = PBXFileReference; lastKnownFileType = image.png; path = appIcon.png; sourceTree = "<group>"; };
		CDC47C61245DE534007DF7A9 /* ResultViewController.swift */ = {isa = PBXFileReference; lastKnownFileType = sourcecode.swift; path = ResultViewController.swift; sourceTree = "<group>"; };
/* End PBXFileReference section */

/* Begin PBXFrameworksBuildPhase section */
		CDBBEDC2245C9961000BE341 /* Frameworks */ = {
			isa = PBXFrameworksBuildPhase;
			buildActionMask = 2147483647;
			files = (
			);
			runOnlyForDeploymentPostprocessing = 0;
		};
/* End PBXFrameworksBuildPhase section */

/* Begin PBXGroup section */
		CDBBEDBC245C9961000BE341 = {
			isa = PBXGroup;
			children = (
				CDBBEDC7245C9961000BE341 /* midproject */,
				CDBBEDC6245C9961000BE341 /* Products */,
			);
			sourceTree = "<group>";
		};
		CDBBEDC6245C9961000BE341 /* Products */ = {
			isa = PBXGroup;
			children = (
				CDBBEDC5245C9961000BE341 /* midproject.app */,
			);
			name = Products;
			sourceTree = "<group>";
		};
		CDBBEDC7245C9961000BE341 /* midproject */ = {
			isa = PBXGroup;
			children = (
				CDC1C641245E17F5001BB71F /* appIcon.png */,
				CDBBEDC8245C9962000BE341 /* AppDelegate.swift */,
				CDBBEDCA245C9962000BE341 /* SceneDelegate.swift */,
				CDBBEDCC245C9962000BE341 /* ViewController.swift */,
				CDC47C61245DE534007DF7A9 /* ResultViewController.swift */,
				CDBBEDCE245C9962000BE341 /* Main.storyboard */,
				CDBBEDD1245C9963000BE341 /* Assets.xcassets */,
				CDBBEDD3245C9963000BE341 /* LaunchScreen.storyboard */,
				CDBBEDD6245C9963000BE341 /* Info.plist */,
			);
			path = midproject;
			sourceTree = "<group>";
		};
/* End PBXGroup section */

/* Begin PBXNativeTarget section */
		CDBBEDC4245C9961000BE341 /* midproject */ = {
			isa = PBXNativeTarget;
			buildConfigurationList = CDBBEDD9245C9963000BE341 /* Build configuration list for PBXNativeTarget "midproject" */;
			buildPhases = (
				CDBBEDC1245C9961000BE341 /* Sources */,
				CDBBEDC2245C9961000BE341 /* Frameworks */,
				CDBBEDC3245C9961000BE341 /* Resources */,
			);
			buildRules = (
			);
			dependencies = (
			);
			name = midproject;
			productName = midproject;
			productReference = CDBBEDC5245C9961000BE341 /* midproject.app */;
			productType = "com.apple.product-type.application";
		};
/* End PBXNativeTarget section */

/* Begin PBXProject section */
		CDBBEDBD245C9961000BE341 /* Project object */ = {
			isa = PBXProject;
			attributes = {
				LastSwiftUpdateCheck = 1130;
				LastUpgradeCheck = 1130;
				ORGANIZATIONNAME = SWUCOMPUTER;
				TargetAttributes = {
					CDBBEDC4245C9961000BE341 = {
						CreatedOnToolsVersion = 11.3.1;
					};
				};
			};
			buildConfigurationList = CDBBEDC0245C9961000BE341 /* Build configuration list for PBXProject "midproject" */;
			compatibilityVersion = "Xcode 9.3";
			developmentRegion = en;
			hasScannedForEncodings = 0;
			knownRegions = (
				en,
				Base,
			);
			mainGroup = CDBBEDBC245C9961000BE341;
			productRefGroup = CDBBEDC6245C9961000BE341 /* Products */;
			projectDirPath = "";
			projectRoot = "";
			targets = (
				CDBBEDC4245C9961000BE341 /* midproject */,
			);
		};
/* End PBXProject section */

/* Begin PBXResourcesBuildPhase section */
		CDBBEDC3245C9961000BE341 /* Resources */ = {
			isa = PBXResourcesBuildPhase;
			buildActionMask = 2147483647;
			files = (
				CDC1C642245E17F5001BB71F /* appIcon.png in Resources */,
				CDBBEDD5245C9963000BE341 /* LaunchScreen.storyboard in Resources */,
				CDBBEDD2245C9963000BE341 /* Assets.xcassets in Resources */,
				CDBBEDD0245C9962000BE341 /* Main.storyboard in Resources */,
			);
			runOnlyForDeploymentPostprocessing = 0;
		};
/* End PBXResourcesBuildPhase section */

/* Begin PBXSourcesBuildPhase section */
		CDBBEDC1245C9961000BE341 /* Sources */ = {
			isa = PBXSourcesBuildPhase;
			buildActionMask = 2147483647;
			files = (
				CDBBEDCD245C9962000BE341 /* ViewController.swift in Sources */,
				CDBBEDC9245C9962000BE341 /* AppDelegate.swift in Sources */,
				CDBBEDCB245C9962000BE341 /* SceneDelegate.swift in Sources */,
				CDC47C62245DE534007DF7A9 /* ResultViewController.swift in Sources */,
			);
			runOnlyForDeploymentPostprocessing = 0;
		};
/* End PBXSourcesBuildPhase section */

/* Begin PBXVariantGroup section */
		CDBBEDCE245C9962000BE341 /* Main.storyboard */ = {
			isa = PBXVariantGroup;
			children = (
				CDBBEDCF245C9962000BE341 /* Base */,
			);
			name = Main.storyboard;
			sourceTree = "<group>";
		};
		CDBBEDD3245C9963000BE341 /* LaunchScreen.storyboard */ = {
			isa = PBXVariantGroup;
			children = (
				CDBBEDD4245C9963000BE341 /* Base */,
			);
			name = LaunchScreen.storyboard;
			sourceTree = "<group>";
		};
/* End PBXVariantGroup section */

/* Begin XCBuildConfiguration section */
		CDBBEDD7245C9963000BE341 /* Debug */ = {
			isa = XCBuildConfiguration;
			buildSettings = {
				ALWAYS_SEARCH_USER_PATHS = NO;
				CLANG_ANALYZER_NONNULL = YES;
				CLANG_ANALYZER_NUMBER_OBJECT_CONVERSION = YES_AGGRESSIVE;
				CLANG_CXX_LANGUAGE_STANDARD = "gnu++14";
				CLANG_CXX_LIBRARY = "libc++";
				CLANG_ENABLE_MODULES = YES;
				CLANG_ENABLE_OBJC_ARC = YES;
				CLANG_ENABLE_OBJC_WEAK = YES;
				CLANG_WARN_BLOCK_CAPTURE_AUTORELEASING = YES;
				CLANG_WARN_BOOL_CONVERSION = YES;
				CLANG_WARN_COMMA = YES;
				CLANG_WARN_CONSTANT_CONVERSION = YES;
				CLANG_WARN_DEPRECATED_OBJC_IMPLEMENTATIONS = YES;
				CLANG_WARN_DIRECT_OBJC_ISA_USAGE = YES_ERROR;
				CLANG_WARN_DOCUMENTATION_COMMENTS = YES;
				CLANG_WARN_EMPTY_BODY = YES;
				CLANG_WARN_ENUM_CONVERSION = YES;
				CLANG_WARN_INFINITE_RECURSION = YES;
				CLANG_WARN_INT_CONVERSION = YES;
				CLANG_WARN_NON_LITERAL_NULL_CONVERSION = YES;
				CLANG_WARN_OBJC_IMPLICIT_RETAIN_SELF = YES;
				CLANG_WARN_OBJC_LITERAL_CONVERSION = YES;
				CLANG_WARN_OBJC_ROOT_CLASS = YES_ERROR;
				CLANG_WARN_RANGE_LOOP_ANALYSIS = YES;
				CLANG_WARN_STRICT_PROTOTYPES = YES;
				CLANG_WARN_SUSPICIOUS_MOVE = YES;
				CLANG_WARN_UNGUARDED_AVAILABILITY = YES_AGGRESSIVE;
				CLANG_WARN_UNREACHABLE_CODE = YES;
				CLANG_WARN__DUPLICATE_METHOD_MATCH = YES;
				COPY_PHASE_STRIP = NO;
				DEBUG_INFORMATION_FORMAT = dwarf;
				ENABLE_STRICT_OBJC_MSGSEND = YES;
				ENABLE_TESTABILITY = YES;
				GCC_C_LANGUAGE_STANDARD = gnu11;
				GCC_DYNAMIC_NO_PIC = NO;
				GCC_NO_COMMON_BLOCKS = YES;
				GCC_OPTIMIZATION_LEVEL = 0;
				GCC_PREPROCESSOR_DEFINITIONS = (
					"DEBUG=1",
					"$(inherited)",
				);
				GCC_WARN_64_TO_32_BIT_CONVERSION = YES;
				GCC_WARN_ABOUT_RETURN_TYPE = YES_ERROR;
				GCC_WARN_UNDECLARED_SELECTOR = YES;
				GCC_WARN_UNINITIALIZED_AUTOS = YES_AGGRESSIVE;
				GCC_WARN_UNUSED_FUNCTION = YES;
				GCC_WARN_UNUSED_VARIABLE = YES;
				IPHONEOS_DEPLOYMENT_TARGET = 13.2;
				MTL_ENABLE_DEBUG_INFO = INCLUDE_SOURCE;
				MTL_FAST_MATH = YES;
				ONLY_ACTIVE_ARCH = YES;
				SDKROOT = iphoneos;
				SWIFT_ACTIVE_COMPILATION_CONDITIONS = DEBUG;
				SWIFT_OPTIMIZATION_LEVEL = "-Onone";
			};
			name = Debug;
		};
		CDBBEDD8245C9963000BE341 /* Release */ = {
			isa = XCBuildConfiguration;
			buildSettings = {
				ALWAYS_SEARCH_USER_PATHS = NO;
				CLANG_ANALYZER_NONNULL = YES;
				CLANG_ANALYZER_NUMBER_OBJECT_CONVERSION = YES_AGGRESSIVE;
				CLANG_CXX_LANGUAGE_STANDARD = "gnu++14";
				CLANG_CXX_LIBRARY = "libc++";
				CLANG_ENABLE_MODULES = YES;
				CLANG_ENABLE_OBJC_ARC = YES;
				CLANG_ENABLE_OBJC_WEAK = YES;
				CLANG_WARN_BLOCK_CAPTURE_AUTORELEASING = YES;
				CLANG_WARN_BOOL_CONVERSION = YES;
				CLANG_WARN_COMMA = YES;
				CLANG_WARN_CONSTANT_CONVERSION = YES;
				CLANG_WARN_DEPRECATED_OBJC_IMPLEMENTATIONS = YES;
				CLANG_WARN_DIRECT_OBJC_ISA_USAGE = YES_ERROR;
				CLANG_WARN_DOCUMENTATION_COMMENTS = YES;
				CLANG_WARN_EMPTY_BODY = YES;
				CLANG_WARN_ENUM_CONVERSION = YES;
				CLANG_WARN_INFINITE_RECURSION = YES;
				CLANG_WARN_INT_CONVERSION = YES;
				CLANG_WARN_NON_LITERAL_NULL_CONVERSION = YES;
				CLANG_WARN_OBJC_IMPLICIT_RETAIN_SELF = YES;
				CLANG_WARN_OBJC_LITERAL_CONVERSION = YES;
				CLANG_WARN_OBJC_ROOT_CLASS = YES_ERROR;
				CLANG_WARN_RANGE_LOOP_ANALYSIS = YES;
				CLANG_WARN_STRICT_PROTOTYPES = YES;
				CLANG_WARN_SUSPICIOUS_MOVE = YES;
				CLANG_WARN_UNGUARDED_AVAILABILITY = YES_AGGRESSIVE;
				CLANG_WARN_UNREACHABLE_CODE = YES;
				CLANG_WARN__DUPLICATE_METHOD_MATCH = YES;
				COPY_PHASE_STRIP = NO;
				DEBUG_INFORMATION_FORMAT = "dwarf-with-dsym";
				ENABLE_NS_ASSERTIONS = NO;
				ENABLE_STRICT_OBJC_MSGSEND = YES;
				GCC_C_LANGUAGE_STANDARD = gnu11;
				GCC_NO_COMMON_BLOCKS = YES;
				GCC_WARN_64_TO_32_BIT_CONVERSION = YES;
				GCC_WARN_ABOUT_RETURN_TYPE = YES_ERROR;
				GCC_WARN_UNDECLARED_SELECTOR = YES;
				GCC_WARN_UNINITIALIZED_AUTOS = YES_AGGRESSIVE;
				GCC_WARN_UNUSED_FUNCTION = YES;
				GCC_WARN_UNUSED_VARIABLE = YES;
				IPHONEOS_DEPLOYMENT_TARGET = 13.2;
				MTL_ENABLE_DEBUG_INFO = NO;
				MTL_FAST_MATH = YES;
				SDKROOT = iphoneos;
				SWIFT_COMPILATION_MODE = wholemodule;
				SWIFT_OPTIMIZATION_LEVEL = "-O";
				VALIDATE_PRODUCT = YES;
			};
			name = Release;
		};
		CDBBEDDA245C9963000BE341 /* Debug */ = {
			isa = XCBuildConfiguration;
			buildSettings = {
				ASSETCATALOG_COMPILER_APPICON_NAME = AppIcon;
				CODE_SIGN_STYLE = Automatic;
				INFOPLIST_FILE = midproject/Info.plist;
				LD_RUNPATH_SEARCH_PATHS = (
					"$(inherited)",
					"@executable_path/Frameworks",
				);
				PRODUCT_BUNDLE_IDENTIFIER = kr.ac.swu.midproject;
				PRODUCT_NAME = "$(TARGET_NAME)";
				SWIFT_VERSION = 5.0;
				TARGETED_DEVICE_FAMILY = "1,2";
			};
			name = Debug;
		};
		CDBBEDDB245C9963000BE341 /* Release */ = {
			isa = XCBuildConfiguration;
			buildSettings = {
				ASSETCATALOG_COMPILER_APPICON_NAME = AppIcon;
				CODE_SIGN_STYLE = Automatic;
				INFOPLIST_FILE = midproject/Info.plist;
				LD_RUNPATH_SEARCH_PATHS = (
					"$(inherited)",
					"@executable_path/Frameworks",
				);
				PRODUCT_BUNDLE_IDENTIFIER = kr.ac.swu.midproject;
				PRODUCT_NAME = "$(TARGET_NAME)";
				SWIFT_VERSION = 5.0;
				TARGETED_DEVICE_FAMILY = "1,2";
			};
			name = Release;
		};
/* End XCBuildConfiguration section */

/* Begin XCConfigurationList section */
		CDBBEDC0245C9961000BE341 /* Build configuration list for PBXProject "midproject" */ = {
			isa = XCConfigurationList;
			buildConfigurations = (
				CDBBEDD7245C9963000BE341 /* Debug */,
				CDBBEDD8245C9963000BE341 /* Release */,
			);
			defaultConfigurationIsVisible = 0;
			defaultConfigurationName = Release;
		};
		CDBBEDD9245C9963000BE341 /* Build configuration list for PBXNativeTarget "midproject" */ = {
			isa = XCConfigurationList;
			buildConfigurations = (
				CDBBEDDA245C9963000BE341 /* Debug */,
				CDBBEDDB245C9963000BE341 /* Release */,
			);
			defaultConfigurationIsVisible = 0;
			defaultConfigurationName = Release;
		};
/* End XCConfigurationList section */
	};
	rootObject = CDBBEDBD245C9961000BE341 /* Project object */;
}
